
Microsoft Visual Studio Solution File, Format Version 12.00
# Visual Studio Version 17
VisualStudioVersion = 17.6.33815.320
MinimumVisualStudioVersion = 10.0.40219.1
Project("{FAE04EC0-301F-11D3-BF4B-00C04F79EFBC}") = "MySharedLibrary", "MySharedLibrary\MySharedLibrary.csproj", "{9B659C9B-D7CF-4298-85EF-C2EE6565782E}"
EndProject
Global
	GlobalSection(SolutionConfigurationPlatforms) = preSolution
		Debug|Any CPU = Debug|Any CPU
		Release|Any CPU = Release|Any CPU
	EndGlobalSection
	GlobalSection(ProjectConfigurationPlatforms) = postSolution
		{9B659C9B-D7CF-4298-85EF-C2EE6565782E}.Debug|Any CPU.ActiveCfg = Debug|Any CPU
		{9B659C9B-D7CF-4298-85EF-C2EE6565782E}.Debug|Any CPU.Build.0 = Debug|Any CPU
		{9B659C9B-D7CF-4298-85EF-C2EE6565782E}.Release|Any CPU.ActiveCfg = Release|Any CPU
		{9B659C9B-D7CF-4298-85EF-C2EE6565782E}.Release|Any CPU.Build.0 = Release|Any CPU
	EndGlobalSection
	GlobalSection(SolutionProperties) = preSolution
		HideSolutionNode = FALSE
	EndGlobalSection
	GlobalSection(ExtensibilityGlobals) = postSolution
		SolutionGuid = {56FE4C15-D00C-462F-8BE4-11210941CBE4}
	EndGlobalSection
EndGlobal
